{
    "version": 3,
    "terraform_version": "0.8.4",
    "serial": 1,
    "lineage": "889f98b4-65fe-45a4-b264-63f2536f2264",
    "modules": [
        {
            "path": [
                "root"
            ],
            "outputs": {},
            "resources": {
                "aws_instance.example": {
                    "type": "aws_instance",
                    "depends_on": [],
                    "primary": {
                        "id": "i-0487984a8456f5608",
                        "attributes": {
                            "ami": "ami-b7a114d7",
                            "associate_public_ip_address": "true",
                            "availability_zone": "us-west-2c",
                            "disable_api_termination": "false",
                            "ebs_block_device.#": "0",
                            "ebs_optimized": "false",
                            "ephemeral_block_device.#": "0",
                            "iam_instance_profile": "",
                            "id": "i-0487984a8456f5608",
                            "instance_state": "running",
                            "instance_type": "t2.micro",
                            "key_name": "",
                            "monitoring": "false",
                            "network_interface_id": "eni-7e18032e",
                            "private_dns": "ip-172-31-1-35.us-west-2.compute.internal",
                            "private_ip": "172.31.1.35",
                            "public_dns": "ec2-52-10-109-97.us-west-2.compute.amazonaws.com",
                            "public_ip": "52.10.109.97",
                            "root_block_device.#": "1",
                            "root_block_device.0.delete_on_termination": "true",
                            "root_block_device.0.iops": "100",
                            "root_block_device.0.volume_size": "8",
                            "root_block_device.0.volume_type": "gp2",
                            "security_groups.#": "0",
                            "source_dest_check": "true",
                            "subnet_id": "subnet-9b471cc3",
                            "tags.%": "1",
                            "tags.Name": "terraform_example",
                            "tenancy": "default",
                            "vpc_security_group_ids.#": "1",
                            "vpc_security_group_ids.2076235230": "sg-e079d698"
                        },
                        "meta": {
                            "schema_version": "1"
                        },
                        "tainted": false
                    },
                    "deposed": [],
                    "provider": ""
                }
            },
            "depends_on": []
        }
    ]
}
